<?xml version="1.0"?>
<Project ToolsVersion="4.0" xmlns="http://schemas.microsoft.com/developer/msbuild/2003">
	<ItemGroup>
		<ClCompile Include="src\ofApp.cpp">
			<Filter>src</Filter>
		</ClCompile>
		<ClCompile Include="src\main.cpp">
			<Filter>src</Filter>
		</ClCompile>
		<ClCompile Include="src\itemMgr.cpp">
			<Filter>src</Filter>
		</ClCompile>
		<ClCompile Include="src\largeStars.cpp">
			<Filter>src</Filter>
		</ClCompile>
		<ClCompile Include="src\main.cpp">
			<Filter>src</Filter>
		</ClCompile>
		<ClCompile Include="src\ofApp.cpp">
			<Filter>src</Filter>
		</ClCompile>
		<ClCompile Include="src\showItem.cpp">
			<Filter>src</Filter>
		</ClCompile>
		<ClCompile Include="..\..\..\..\..\..\addons\ofxAvCodec\src\frameSynAvClient.cpp">
			<Filter>addons\ofxAvCodec\src</Filter>
		</ClCompile>
		<ClCompile Include="..\..\..\..\..\..\addons\ofxAvCodec\src\frameSynAvContant.cpp">
			<Filter>addons\ofxAvCodec\src</Filter>
		</ClCompile>
		<ClCompile Include="..\..\..\..\..\..\addons\ofxAvCodec\src\frameSynAvServer.cpp">
			<Filter>addons\ofxAvCodec\src</Filter>
		</ClCompile>
		<ClCompile Include="..\..\..\..\..\..\addons\ofxAvCodec\src\ofxAvAudioPlayer.cpp">
			<Filter>addons\ofxAvCodec\src</Filter>
		</ClCompile>
		<ClCompile Include="..\..\..\..\..\..\addons\ofxAvCodec\src\ofxAvAudioWriter.cpp">
			<Filter>addons\ofxAvCodec\src</Filter>
		</ClCompile>
		<ClCompile Include="..\..\..\..\..\..\addons\ofxAvCodec\src\ofxAvUtils.cpp">
			<Filter>addons\ofxAvCodec\src</Filter>
		</ClCompile>
		<ClCompile Include="..\..\..\..\..\..\addons\ofxAvCodec\src\ofxAvVideoPlayer.cpp">
			<Filter>addons\ofxAvCodec\src</Filter>
		</ClCompile>
		<ClCompile Include="..\..\..\..\..\..\addons\ofxNetwork\src\ofxNetworkUtils.cpp">
			<Filter>addons\ofxNetwork\src</Filter>
		</ClCompile>
		<ClCompile Include="..\..\..\..\..\..\addons\ofxNetwork\src\ofxTCPClient.cpp">
			<Filter>addons\ofxNetwork\src</Filter>
		</ClCompile>
		<ClCompile Include="..\..\..\..\..\..\addons\ofxNetwork\src\ofxTCPManager.cpp">
			<Filter>addons\ofxNetwork\src</Filter>
		</ClCompile>
		<ClCompile Include="..\..\..\..\..\..\addons\ofxNetwork\src\ofxTCPServer.cpp">
			<Filter>addons\ofxNetwork\src</Filter>
		</ClCompile>
		<ClCompile Include="..\..\..\..\..\..\addons\ofxNetwork\src\ofxUDPManager.cpp">
			<Filter>addons\ofxNetwork\src</Filter>
		</ClCompile>
		<ClCompile Include="..\..\..\..\..\..\addons\ofxOsc\src\ofxOscBundle.cpp">
			<Filter>addons\ofxOsc\src</Filter>
		</ClCompile>
		<ClCompile Include="..\..\..\..\..\..\addons\ofxOsc\src\ofxOscMessage.cpp">
			<Filter>addons\ofxOsc\src</Filter>
		</ClCompile>
		<ClCompile Include="..\..\..\..\..\..\addons\ofxOsc\src\ofxOscParameterSync.cpp">
			<Filter>addons\ofxOsc\src</Filter>
		</ClCompile>
		<ClCompile Include="..\..\..\..\..\..\addons\ofxOsc\src\ofxOscReceiver.cpp">
			<Filter>addons\ofxOsc\src</Filter>
		</ClCompile>
		<ClCompile Include="..\..\..\..\..\..\addons\ofxOsc\src\ofxOscSender.cpp">
			<Filter>addons\ofxOsc\src</Filter>
		</ClCompile>
		<ClCompile Include="..\..\..\..\..\..\addons\ofxOsc\libs\oscpack\src\ip\IpEndpointName.cpp">
			<Filter>addons\ofxOsc\libs\oscpack\src\ip</Filter>
		</ClCompile>
		<ClCompile Include="..\..\..\..\..\..\addons\ofxOsc\libs\oscpack\src\ip\win32\NetworkingUtils.cpp">
			<Filter>addons\ofxOsc\libs\oscpack\src\ip\win32</Filter>
		</ClCompile>
		<ClCompile Include="..\..\..\..\..\..\addons\ofxOsc\libs\oscpack\src\ip\win32\UdpSocket.cpp">
			<Filter>addons\ofxOsc\libs\oscpack\src\ip\win32</Filter>
		</ClCompile>
		<ClCompile Include="..\..\..\..\..\..\addons\ofxOsc\libs\oscpack\src\osc\OscOutboundPacketStream.cpp">
			<Filter>addons\ofxOsc\libs\oscpack\src\osc</Filter>
		</ClCompile>
		<ClCompile Include="..\..\..\..\..\..\addons\ofxOsc\libs\oscpack\src\osc\OscPrintReceivedElements.cpp">
			<Filter>addons\ofxOsc\libs\oscpack\src\osc</Filter>
		</ClCompile>
		<ClCompile Include="..\..\..\..\..\..\addons\ofxOsc\libs\oscpack\src\osc\OscReceivedElements.cpp">
			<Filter>addons\ofxOsc\libs\oscpack\src\osc</Filter>
		</ClCompile>
		<ClCompile Include="..\..\..\..\..\..\addons\ofxOsc\libs\oscpack\src\osc\OscTypes.cpp">
			<Filter>addons\ofxOsc\libs\oscpack\src\osc</Filter>
		</ClCompile>
		<ClCompile Include="..\..\..\..\..\..\addons\ofxPoco\src\ofxXmlPoco.cpp">
			<Filter>addons\ofxPoco\src</Filter>
		</ClCompile>
		<ClCompile Include="..\..\..\..\..\..\addons\ofxTuioWrapper\src\ofxTuioClient.cpp">
			<Filter>addons\ofxTuioWrapper\src</Filter>
		</ClCompile>
		<ClCompile Include="..\..\..\..\..\..\addons\ofxTuioWrapper\src\ofxTuioServer.cpp">
			<Filter>addons\ofxTuioWrapper\src</Filter>
		</ClCompile>
		<ClCompile Include="..\..\..\..\..\..\addons\ofxTuioWrapper\src\TUIO\TuioClient.cpp">
			<Filter>addons\ofxTuioWrapper\src\TUIO</Filter>
		</ClCompile>
		<ClCompile Include="..\..\..\..\..\..\addons\ofxTuioWrapper\src\TUIO\TuioServer.cpp">
			<Filter>addons\ofxTuioWrapper\src\TUIO</Filter>
		</ClCompile>
		<ClCompile Include="..\..\..\..\..\..\addons\ofxTuioWrapper\src\TUIO\TuioTime.cpp">
			<Filter>addons\ofxTuioWrapper\src\TUIO</Filter>
		</ClCompile>
		<ClCompile Include="..\..\..\..\..\..\addons\ofxTweenzor\src\Tween.cpp">
			<Filter>addons\ofxTweenzor\src</Filter>
		</ClCompile>
		<ClCompile Include="..\..\..\..\..\..\addons\ofxTweenzor\src\Tweenzor.cpp">
			<Filter>addons\ofxTweenzor\src</Filter>
		</ClCompile>
		<ClCompile Include="..\..\..\..\..\..\addons\ofxXmlSettings\src\ofxXmlSettings.cpp">
			<Filter>addons\ofxXmlSettings\src</Filter>
		</ClCompile>
		<ClCompile Include="..\..\..\..\..\..\addons\ofxXmlSettings\libs\tinyxml.cpp">
			<Filter>addons\ofxXmlSettings\libs</Filter>
		</ClCompile>
		<ClCompile Include="..\..\..\..\..\..\addons\ofxXmlSettings\libs\tinyxmlerror.cpp">
			<Filter>addons\ofxXmlSettings\libs</Filter>
		</ClCompile>
		<ClCompile Include="..\..\..\..\..\..\addons\ofxXmlSettings\libs\tinyxmlparser.cpp">
			<Filter>addons\ofxXmlSettings\libs</Filter>
		</ClCompile>
	</ItemGroup>
	<ItemGroup>
		<Filter Include="src">
			<UniqueIdentifier>{d8376475-7454-4a24-b08a-aac121d3ad6f}</UniqueIdentifier>
		</Filter>
		<Filter Include="addons">
			<UniqueIdentifier>{71834F65-F3A9-211E-73B8-DC85}</UniqueIdentifier>
		</Filter>
		<Filter Include="addons\ofxAvCodec">
			<UniqueIdentifier>{6E648148-4057-32DB-8154-4ACF}</UniqueIdentifier>
		</Filter>
		<Filter Include="addons\ofxAvCodec\src">
			<UniqueIdentifier>{3B870A8F-969D-AE20-2776-F122}</UniqueIdentifier>
		</Filter>
		<Filter Include="addons\ofxAvCodec\libs">
			<UniqueIdentifier>{70F074F5-420E-672C-5112-24E8}</UniqueIdentifier>
		</Filter>
		<Filter Include="addons\ofxAvCodec\libs\avcodec">
			<UniqueIdentifier>{1AB1FB92-789F-705F-42D6-42B6}</UniqueIdentifier>
		</Filter>
		<Filter Include="addons\ofxAvCodec\libs\avcodec\include">
			<UniqueIdentifier>{FE65E56F-DC11-6A34-0C64-0924}</UniqueIdentifier>
		</Filter>
		<Filter Include="addons\ofxAvCodec\libs\avcodec\include\libavcodec">
			<UniqueIdentifier>{9B468A6A-FA08-D999-ECC0-1DB4}</UniqueIdentifier>
		</Filter>
		<Filter Include="addons\ofxAvCodec\libs\avcodec\include\libavdevice">
			<UniqueIdentifier>{0A71A2CF-109F-B562-4F6B-C291}</UniqueIdentifier>
		</Filter>
		<Filter Include="addons\ofxAvCodec\libs\avcodec\include\libavfilter">
			<UniqueIdentifier>{37EABC06-6D3A-AA0E-E91E-4BED}</UniqueIdentifier>
		</Filter>
		<Filter Include="addons\ofxAvCodec\libs\avcodec\include\libavformat">
			<UniqueIdentifier>{76FF9D5A-2592-4666-2A45-B916}</UniqueIdentifier>
		</Filter>
		<Filter Include="addons\ofxAvCodec\libs\avcodec\include\libavutil">
			<UniqueIdentifier>{B4AD8553-71C4-EA38-5CB3-9F8A}</UniqueIdentifier>
		</Filter>
		<Filter Include="addons\ofxAvCodec\libs\avcodec\include\libpostproc">
			<UniqueIdentifier>{CDC9613D-6DBC-6E42-FE59-69A1}</UniqueIdentifier>
		</Filter>
		<Filter Include="addons\ofxAvCodec\libs\avcodec\include\libswresample">
			<UniqueIdentifier>{21B79191-28FC-10CD-D955-04EC}</UniqueIdentifier>
		</Filter>
		<Filter Include="addons\ofxAvCodec\libs\avcodec\include\libswscale">
			<UniqueIdentifier>{05D062B1-D8C2-2B58-5011-6E42}</UniqueIdentifier>
		</Filter>
		<Filter Include="addons\ofxAvCodec\libs\avcodec\include-vs">
			<UniqueIdentifier>{5822F7DE-4973-156A-5F4D-A68E}</UniqueIdentifier>
		</Filter>
		<Filter Include="addons\ofxEasing">
			<UniqueIdentifier>{CAD580FB-01DB-F456-F00B-7791}</UniqueIdentifier>
		</Filter>
		<Filter Include="addons\ofxEasing\src">
			<UniqueIdentifier>{59A6BD40-DCB3-8A98-B41B-1BA9}</UniqueIdentifier>
		</Filter>
		<Filter Include="addons\ofxNetwork">
			<UniqueIdentifier>{01A15744-29A6-108D-08E9-83A7}</UniqueIdentifier>
		</Filter>
		<Filter Include="addons\ofxNetwork\src">
			<UniqueIdentifier>{3D1C10C7-8F35-E796-9C70-F5F3}</UniqueIdentifier>
		</Filter>
		<Filter Include="addons\ofxOsc">
			<UniqueIdentifier>{D91DCA33-6E5D-4481-2AEC-9FBB}</UniqueIdentifier>
		</Filter>
		<Filter Include="addons\ofxOsc\src">
			<UniqueIdentifier>{B9DD339A-D93D-92A1-0A2F-4B41}</UniqueIdentifier>
		</Filter>
		<Filter Include="addons\ofxOsc\libs">
			<UniqueIdentifier>{99ECA1D9-873F-4622-8FC0-FC7B}</UniqueIdentifier>
		</Filter>
		<Filter Include="addons\ofxOsc\libs\oscpack">
			<UniqueIdentifier>{D3A98534-1602-4FEF-57A6-6593}</UniqueIdentifier>
		</Filter>
		<Filter Include="addons\ofxOsc\libs\oscpack\src">
			<UniqueIdentifier>{BFB5BB47-98C8-BBCB-3066-1046}</UniqueIdentifier>
		</Filter>
		<Filter Include="addons\ofxOsc\libs\oscpack\src\ip">
			<UniqueIdentifier>{5A029128-EB41-95C5-CBC0-CDED}</UniqueIdentifier>
		</Filter>
		<Filter Include="addons\ofxOsc\libs\oscpack\src\ip\win32">
			<UniqueIdentifier>{79DFDFE2-400B-8654-3675-01A3}</UniqueIdentifier>
		</Filter>
		<Filter Include="addons\ofxOsc\libs\oscpack\src\osc">
			<UniqueIdentifier>{EDACB89C-9768-9551-4D41-B590}</UniqueIdentifier>
		</Filter>
		<Filter Include="addons\ofxPoco">
			<UniqueIdentifier>{3256AE3E-9B29-EA27-C842-CE6B}</UniqueIdentifier>
		</Filter>
		<Filter Include="addons\ofxPoco\src">
			<UniqueIdentifier>{C7D4269D-D8A9-A7BB-531B-98DA}</UniqueIdentifier>
		</Filter>
		<Filter Include="addons\ofxTuioWrapper">
			<UniqueIdentifier>{493B74E7-DB7E-A4C2-A4A2-EC27}</UniqueIdentifier>
		</Filter>
		<Filter Include="addons\ofxTuioWrapper\src">
			<UniqueIdentifier>{1089B786-A967-183B-2738-2DD5}</UniqueIdentifier>
		</Filter>
		<Filter Include="addons\ofxTuioWrapper\src\TUIO">
			<UniqueIdentifier>{6BD78B73-7FEC-9439-8E8A-7854}</UniqueIdentifier>
		</Filter>
		<Filter Include="addons\ofxTweenzor">
			<UniqueIdentifier>{01C39FF4-5B53-3070-C89A-1750}</UniqueIdentifier>
		</Filter>
		<Filter Include="addons\ofxTweenzor\src">
			<UniqueIdentifier>{5D58D81D-C685-E91E-0E62-80F4}</UniqueIdentifier>
		</Filter>
		<Filter Include="addons\ofxXmlSettings">
			<UniqueIdentifier>{877F005D-13E6-0592-1D97-F2E3}</UniqueIdentifier>
		</Filter>
		<Filter Include="addons\ofxXmlSettings\src">
			<UniqueIdentifier>{CCB2AC63-49D2-977C-CFE8-AEAD}</UniqueIdentifier>
		</Filter>
		<Filter Include="addons\ofxXmlSettings\libs">
			<UniqueIdentifier>{687714A8-1662-FA1C-261F-50F0}</UniqueIdentifier>
		</Filter>
	</ItemGroup>
	<ItemGroup>
		<ClInclude Include="src\ofApp.h">
			<Filter>src</Filter>
		</ClInclude>
		<ClInclude Include="src\itemMgr.h">
			<Filter>src</Filter>
		</ClInclude>
		<ClInclude Include="src\largeStars.h">
			<Filter>src</Filter>
		</ClInclude>
		<ClInclude Include="src\myContants.h">
			<Filter>src</Filter>
		</ClInclude>
		<ClInclude Include="src\ofApp.h">
			<Filter>src</Filter>
		</ClInclude>
		<ClInclude Include="src\showItem.h">
			<Filter>src</Filter>
		</ClInclude>
		<ClInclude Include="..\..\..\..\..\..\addons\ofxAvCodec\src\frameSynAvClient.h">
			<Filter>addons\ofxAvCodec\src</Filter>
		</ClInclude>
		<ClInclude Include="..\..\..\..\..\..\addons\ofxAvCodec\src\frameSynAvContant.h">
			<Filter>addons\ofxAvCodec\src</Filter>
		</ClInclude>
		<ClInclude Include="..\..\..\..\..\..\addons\ofxAvCodec\src\frameSynAvServer.h">
			<Filter>addons\ofxAvCodec\src</Filter>
		</ClInclude>
		<ClInclude Include="..\..\..\..\..\..\addons\ofxAvCodec\src\ofxAvAudioPlayer.h">
			<Filter>addons\ofxAvCodec\src</Filter>
		</ClInclude>
		<ClInclude Include="..\..\..\..\..\..\addons\ofxAvCodec\src\ofxAvAudioWriter.h">
			<Filter>addons\ofxAvCodec\src</Filter>
		</ClInclude>
		<ClInclude Include="..\..\..\..\..\..\addons\ofxAvCodec\src\ofxAvUtils.h">
			<Filter>addons\ofxAvCodec\src</Filter>
		</ClInclude>
		<ClInclude Include="..\..\..\..\..\..\addons\ofxAvCodec\src\ofxAvVideoPlayer.h">
			<Filter>addons\ofxAvCodec\src</Filter>
		</ClInclude>
		<ClInclude Include="..\..\..\..\..\..\addons\ofxAvCodec\libs\avcodec\include\libavcodec\ac3_parser.h">
			<Filter>addons\ofxAvCodec\libs\avcodec\include\libavcodec</Filter>
		</ClInclude>
		<ClInclude Include="..\..\..\..\..\..\addons\ofxAvCodec\libs\avcodec\include\libavcodec\adts_parser.h">
			<Filter>addons\ofxAvCodec\libs\avcodec\include\libavcodec</Filter>
		</ClInclude>
		<ClInclude Include="..\..\..\..\..\..\addons\ofxAvCodec\libs\avcodec\include\libavcodec\avcodec.h">
			<Filter>addons\ofxAvCodec\libs\avcodec\include\libavcodec</Filter>
		</ClInclude>
		<ClInclude Include="..\..\..\..\..\..\addons\ofxAvCodec\libs\avcodec\include\libavcodec\avdct.h">
			<Filter>addons\ofxAvCodec\libs\avcodec\include\libavcodec</Filter>
		</ClInclude>
		<ClInclude Include="..\..\..\..\..\..\addons\ofxAvCodec\libs\avcodec\include\libavcodec\avfft.h">
			<Filter>addons\ofxAvCodec\libs\avcodec\include\libavcodec</Filter>
		</ClInclude>
		<ClInclude Include="..\..\..\..\..\..\addons\ofxAvCodec\libs\avcodec\include\libavcodec\d3d11va.h">
			<Filter>addons\ofxAvCodec\libs\avcodec\include\libavcodec</Filter>
		</ClInclude>
		<ClInclude Include="..\..\..\..\..\..\addons\ofxAvCodec\libs\avcodec\include\libavcodec\dirac.h">
			<Filter>addons\ofxAvCodec\libs\avcodec\include\libavcodec</Filter>
		</ClInclude>
		<ClInclude Include="..\..\..\..\..\..\addons\ofxAvCodec\libs\avcodec\include\libavcodec\dv_profile.h">
			<Filter>addons\ofxAvCodec\libs\avcodec\include\libavcodec</Filter>
		</ClInclude>
		<ClInclude Include="..\..\..\..\..\..\addons\ofxAvCodec\libs\avcodec\include\libavcodec\dxva2.h">
			<Filter>addons\ofxAvCodec\libs\avcodec\include\libavcodec</Filter>
		</ClInclude>
		<ClInclude Include="..\..\..\..\..\..\addons\ofxAvCodec\libs\avcodec\include\libavcodec\jni.h">
			<Filter>addons\ofxAvCodec\libs\avcodec\include\libavcodec</Filter>
		</ClInclude>
		<ClInclude Include="..\..\..\..\..\..\addons\ofxAvCodec\libs\avcodec\include\libavcodec\mediacodec.h">
			<Filter>addons\ofxAvCodec\libs\avcodec\include\libavcodec</Filter>
		</ClInclude>
		<ClInclude Include="..\..\..\..\..\..\addons\ofxAvCodec\libs\avcodec\include\libavcodec\qsv.h">
			<Filter>addons\ofxAvCodec\libs\avcodec\include\libavcodec</Filter>
		</ClInclude>
		<ClInclude Include="..\..\..\..\..\..\addons\ofxAvCodec\libs\avcodec\include\libavcodec\vaapi.h">
			<Filter>addons\ofxAvCodec\libs\avcodec\include\libavcodec</Filter>
		</ClInclude>
		<ClInclude Include="..\..\..\..\..\..\addons\ofxAvCodec\libs\avcodec\include\libavcodec\vdpau.h">
			<Filter>addons\ofxAvCodec\libs\avcodec\include\libavcodec</Filter>
		</ClInclude>
		<ClInclude Include="..\..\..\..\..\..\addons\ofxAvCodec\libs\avcodec\include\libavcodec\version.h">
			<Filter>addons\ofxAvCodec\libs\avcodec\include\libavcodec</Filter>
		</ClInclude>
		<ClInclude Include="..\..\..\..\..\..\addons\ofxAvCodec\libs\avcodec\include\libavcodec\videotoolbox.h">
			<Filter>addons\ofxAvCodec\libs\avcodec\include\libavcodec</Filter>
		</ClInclude>
		<ClInclude Include="..\..\..\..\..\..\addons\ofxAvCodec\libs\avcodec\include\libavcodec\vorbis_parser.h">
			<Filter>addons\ofxAvCodec\libs\avcodec\include\libavcodec</Filter>
		</ClInclude>
		<ClInclude Include="..\..\..\..\..\..\addons\ofxAvCodec\libs\avcodec\include\libavcodec\xvmc.h">
			<Filter>addons\ofxAvCodec\libs\avcodec\include\libavcodec</Filter>
		</ClInclude>
		<ClInclude Include="..\..\..\..\..\..\addons\ofxAvCodec\libs\avcodec\include\libavdevice\avdevice.h">
			<Filter>addons\ofxAvCodec\libs\avcodec\include\libavdevice</Filter>
		</ClInclude>
		<ClInclude Include="..\..\..\..\..\..\addons\ofxAvCodec\libs\avcodec\include\libavdevice\version.h">
			<Filter>addons\ofxAvCodec\libs\avcodec\include\libavdevice</Filter>
		</ClInclude>
		<ClInclude Include="..\..\..\..\..\..\addons\ofxAvCodec\libs\avcodec\include\libavfilter\avfilter.h">
			<Filter>addons\ofxAvCodec\libs\avcodec\include\libavfilter</Filter>
		</ClInclude>
		<ClInclude Include="..\..\..\..\..\..\addons\ofxAvCodec\libs\avcodec\include\libavfilter\buffersink.h">
			<Filter>addons\ofxAvCodec\libs\avcodec\include\libavfilter</Filter>
		</ClInclude>
		<ClInclude Include="..\..\..\..\..\..\addons\ofxAvCodec\libs\avcodec\include\libavfilter\buffersrc.h">
			<Filter>addons\ofxAvCodec\libs\avcodec\include\libavfilter</Filter>
		</ClInclude>
		<ClInclude Include="..\..\..\..\..\..\addons\ofxAvCodec\libs\avcodec\include\libavfilter\version.h">
			<Filter>addons\ofxAvCodec\libs\avcodec\include\libavfilter</Filter>
		</ClInclude>
		<ClInclude Include="..\..\..\..\..\..\addons\ofxAvCodec\libs\avcodec\include\libavformat\avformat.h">
			<Filter>addons\ofxAvCodec\libs\avcodec\include\libavformat</Filter>
		</ClInclude>
		<ClInclude Include="..\..\..\..\..\..\addons\ofxAvCodec\libs\avcodec\include\libavformat\avio.h">
			<Filter>addons\ofxAvCodec\libs\avcodec\include\libavformat</Filter>
		</ClInclude>
		<ClInclude Include="..\..\..\..\..\..\addons\ofxAvCodec\libs\avcodec\include\libavformat\version.h">
			<Filter>addons\ofxAvCodec\libs\avcodec\include\libavformat</Filter>
		</ClInclude>
		<ClInclude Include="..\..\..\..\..\..\addons\ofxAvCodec\libs\avcodec\include\libavutil\adler32.h">
			<Filter>addons\ofxAvCodec\libs\avcodec\include\libavutil</Filter>
		</ClInclude>
		<ClInclude Include="..\..\..\..\..\..\addons\ofxAvCodec\libs\avcodec\include\libavutil\aes.h">
			<Filter>addons\ofxAvCodec\libs\avcodec\include\libavutil</Filter>
		</ClInclude>
		<ClInclude Include="..\..\..\..\..\..\addons\ofxAvCodec\libs\avcodec\include\libavutil\aes_ctr.h">
			<Filter>addons\ofxAvCodec\libs\avcodec\include\libavutil</Filter>
		</ClInclude>
		<ClInclude Include="..\..\..\..\..\..\addons\ofxAvCodec\libs\avcodec\include\libavutil\attributes.h">
			<Filter>addons\ofxAvCodec\libs\avcodec\include\libavutil</Filter>
		</ClInclude>
		<ClInclude Include="..\..\..\..\..\..\addons\ofxAvCodec\libs\avcodec\include\libavutil\audio_fifo.h">
			<Filter>addons\ofxAvCodec\libs\avcodec\include\libavutil</Filter>
		</ClInclude>
		<ClInclude Include="..\..\..\..\..\..\addons\ofxAvCodec\libs\avcodec\include\libavutil\avassert.h">
			<Filter>addons\ofxAvCodec\libs\avcodec\include\libavutil</Filter>
		</ClInclude>
		<ClInclude Include="..\..\..\..\..\..\addons\ofxAvCodec\libs\avcodec\include\libavutil\avconfig.h">
			<Filter>addons\ofxAvCodec\libs\avcodec\include\libavutil</Filter>
		</ClInclude>
		<ClInclude Include="..\..\..\..\..\..\addons\ofxAvCodec\libs\avcodec\include\libavutil\avstring.h">
			<Filter>addons\ofxAvCodec\libs\avcodec\include\libavutil</Filter>
		</ClInclude>
		<ClInclude Include="..\..\..\..\..\..\addons\ofxAvCodec\libs\avcodec\include\libavutil\avutil.h">
			<Filter>addons\ofxAvCodec\libs\avcodec\include\libavutil</Filter>
		</ClInclude>
		<ClInclude Include="..\..\..\..\..\..\addons\ofxAvCodec\libs\avcodec\include\libavutil\base64.h">
			<Filter>addons\ofxAvCodec\libs\avcodec\include\libavutil</Filter>
		</ClInclude>
		<ClInclude Include="..\..\..\..\..\..\addons\ofxAvCodec\libs\avcodec\include\libavutil\blowfish.h">
			<Filter>addons\ofxAvCodec\libs\avcodec\include\libavutil</Filter>
		</ClInclude>
		<ClInclude Include="..\..\..\..\..\..\addons\ofxAvCodec\libs\avcodec\include\libavutil\bprint.h">
			<Filter>addons\ofxAvCodec\libs\avcodec\include\libavutil</Filter>
		</ClInclude>
		<ClInclude Include="..\..\..\..\..\..\addons\ofxAvCodec\libs\avcodec\include\libavutil\bswap.h">
			<Filter>addons\ofxAvCodec\libs\avcodec\include\libavutil</Filter>
		</ClInclude>
		<ClInclude Include="..\..\..\..\..\..\addons\ofxAvCodec\libs\avcodec\include\libavutil\buffer.h">
			<Filter>addons\ofxAvCodec\libs\avcodec\include\libavutil</Filter>
		</ClInclude>
		<ClInclude Include="..\..\..\..\..\..\addons\ofxAvCodec\libs\avcodec\include\libavutil\camellia.h">
			<Filter>addons\ofxAvCodec\libs\avcodec\include\libavutil</Filter>
		</ClInclude>
		<ClInclude Include="..\..\..\..\..\..\addons\ofxAvCodec\libs\avcodec\include\libavutil\cast5.h">
			<Filter>addons\ofxAvCodec\libs\avcodec\include\libavutil</Filter>
		</ClInclude>
		<ClInclude Include="..\..\..\..\..\..\addons\ofxAvCodec\libs\avcodec\include\libavutil\channel_layout.h">
			<Filter>addons\ofxAvCodec\libs\avcodec\include\libavutil</Filter>
		</ClInclude>
		<ClInclude Include="..\..\..\..\..\..\addons\ofxAvCodec\libs\avcodec\include\libavutil\common.h">
			<Filter>addons\ofxAvCodec\libs\avcodec\include\libavutil</Filter>
		</ClInclude>
		<ClInclude Include="..\..\..\..\..\..\addons\ofxAvCodec\libs\avcodec\include\libavutil\cpu.h">
			<Filter>addons\ofxAvCodec\libs\avcodec\include\libavutil</Filter>
		</ClInclude>
		<ClInclude Include="..\..\..\..\..\..\addons\ofxAvCodec\libs\avcodec\include\libavutil\crc.h">
			<Filter>addons\ofxAvCodec\libs\avcodec\include\libavutil</Filter>
		</ClInclude>
		<ClInclude Include="..\..\..\..\..\..\addons\ofxAvCodec\libs\avcodec\include\libavutil\des.h">
			<Filter>addons\ofxAvCodec\libs\avcodec\include\libavutil</Filter>
		</ClInclude>
		<ClInclude Include="..\..\..\..\..\..\addons\ofxAvCodec\libs\avcodec\include\libavutil\dict.h">
			<Filter>addons\ofxAvCodec\libs\avcodec\include\libavutil</Filter>
		</ClInclude>
		<ClInclude Include="..\..\..\..\..\..\addons\ofxAvCodec\libs\avcodec\include\libavutil\display.h">
			<Filter>addons\ofxAvCodec\libs\avcodec\include\libavutil</Filter>
		</ClInclude>
		<ClInclude Include="..\..\..\..\..\..\addons\ofxAvCodec\libs\avcodec\include\libavutil\downmix_info.h">
			<Filter>addons\ofxAvCodec\libs\avcodec\include\libavutil</Filter>
		</ClInclude>
		<ClInclude Include="..\..\..\..\..\..\addons\ofxAvCodec\libs\avcodec\include\libavutil\encryption_info.h">
			<Filter>addons\ofxAvCodec\libs\avcodec\include\libavutil</Filter>
		</ClInclude>
		<ClInclude Include="..\..\..\..\..\..\addons\ofxAvCodec\libs\avcodec\include\libavutil\error.h">
			<Filter>addons\ofxAvCodec\libs\avcodec\include\libavutil</Filter>
		</ClInclude>
		<ClInclude Include="..\..\..\..\..\..\addons\ofxAvCodec\libs\avcodec\include\libavutil\eval.h">
			<Filter>addons\ofxAvCodec\libs\avcodec\include\libavutil</Filter>
		</ClInclude>
		<ClInclude Include="..\..\..\..\..\..\addons\ofxAvCodec\libs\avcodec\include\libavutil\ffversion.h">
			<Filter>addons\ofxAvCodec\libs\avcodec\include\libavutil</Filter>
		</ClInclude>
		<ClInclude Include="..\..\..\..\..\..\addons\ofxAvCodec\libs\avcodec\include\libavutil\fifo.h">
			<Filter>addons\ofxAvCodec\libs\avcodec\include\libavutil</Filter>
		</ClInclude>
		<ClInclude Include="..\..\..\..\..\..\addons\ofxAvCodec\libs\avcodec\include\libavutil\file.h">
			<Filter>addons\ofxAvCodec\libs\avcodec\include\libavutil</Filter>
		</ClInclude>
		<ClInclude Include="..\..\..\..\..\..\addons\ofxAvCodec\libs\avcodec\include\libavutil\frame.h">
			<Filter>addons\ofxAvCodec\libs\avcodec\include\libavutil</Filter>
		</ClInclude>
		<ClInclude Include="..\..\..\..\..\..\addons\ofxAvCodec\libs\avcodec\include\libavutil\hash.h">
			<Filter>addons\ofxAvCodec\libs\avcodec\include\libavutil</Filter>
		</ClInclude>
		<ClInclude Include="..\..\..\..\..\..\addons\ofxAvCodec\libs\avcodec\include\libavutil\hdr_dynamic_metadata.h">
			<Filter>addons\ofxAvCodec\libs\avcodec\include\libavutil</Filter>
		</ClInclude>
		<ClInclude Include="..\..\..\..\..\..\addons\ofxAvCodec\libs\avcodec\include\libavutil\hmac.h">
			<Filter>addons\ofxAvCodec\libs\avcodec\include\libavutil</Filter>
		</ClInclude>
		<ClInclude Include="..\..\..\..\..\..\addons\ofxAvCodec\libs\avcodec\include\libavutil\hwcontext.h">
			<Filter>addons\ofxAvCodec\libs\avcodec\include\libavutil</Filter>
		</ClInclude>
		<ClInclude Include="..\..\..\..\..\..\addons\ofxAvCodec\libs\avcodec\include\libavutil\hwcontext_cuda.h">
			<Filter>addons\ofxAvCodec\libs\avcodec\include\libavutil</Filter>
		</ClInclude>
		<ClInclude Include="..\..\..\..\..\..\addons\ofxAvCodec\libs\avcodec\include\libavutil\hwcontext_d3d11va.h">
			<Filter>addons\ofxAvCodec\libs\avcodec\include\libavutil</Filter>
		</ClInclude>
		<ClInclude Include="..\..\..\..\..\..\addons\ofxAvCodec\libs\avcodec\include\libavutil\hwcontext_drm.h">
			<Filter>addons\ofxAvCodec\libs\avcodec\include\libavutil</Filter>
		</ClInclude>
		<ClInclude Include="..\..\..\..\..\..\addons\ofxAvCodec\libs\avcodec\include\libavutil\hwcontext_dxva2.h">
			<Filter>addons\ofxAvCodec\libs\avcodec\include\libavutil</Filter>
		</ClInclude>
		<ClInclude Include="..\..\..\..\..\..\addons\ofxAvCodec\libs\avcodec\include\libavutil\hwcontext_mediacodec.h">
			<Filter>addons\ofxAvCodec\libs\avcodec\include\libavutil</Filter>
		</ClInclude>
		<ClInclude Include="..\..\..\..\..\..\addons\ofxAvCodec\libs\avcodec\include\libavutil\hwcontext_qsv.h">
			<Filter>addons\ofxAvCodec\libs\avcodec\include\libavutil</Filter>
		</ClInclude>
		<ClInclude Include="..\..\..\..\..\..\addons\ofxAvCodec\libs\avcodec\include\libavutil\hwcontext_vaapi.h">
			<Filter>addons\ofxAvCodec\libs\avcodec\include\libavutil</Filter>
		</ClInclude>
		<ClInclude Include="..\..\..\..\..\..\addons\ofxAvCodec\libs\avcodec\include\libavutil\hwcontext_vdpau.h">
			<Filter>addons\ofxAvCodec\libs\avcodec\include\libavutil</Filter>
		</ClInclude>
		<ClInclude Include="..\..\..\..\..\..\addons\ofxAvCodec\libs\avcodec\include\libavutil\hwcontext_videotoolbox.h">
			<Filter>addons\ofxAvCodec\libs\avcodec\include\libavutil</Filter>
		</ClInclude>
		<ClInclude Include="..\..\..\..\..\..\addons\ofxAvCodec\libs\avcodec\include\libavutil\imgutils.h">
			<Filter>addons\ofxAvCodec\libs\avcodec\include\libavutil</Filter>
		</ClInclude>
		<ClInclude Include="..\..\..\..\..\..\addons\ofxAvCodec\libs\avcodec\include\libavutil\intfloat.h">
			<Filter>addons\ofxAvCodec\libs\avcodec\include\libavutil</Filter>
		</ClInclude>
		<ClInclude Include="..\..\..\..\..\..\addons\ofxAvCodec\libs\avcodec\include\libavutil\intreadwrite.h">
			<Filter>addons\ofxAvCodec\libs\avcodec\include\libavutil</Filter>
		</ClInclude>
		<ClInclude Include="..\..\..\..\..\..\addons\ofxAvCodec\libs\avcodec\include\libavutil\lfg.h">
			<Filter>addons\ofxAvCodec\libs\avcodec\include\libavutil</Filter>
		</ClInclude>
		<ClInclude Include="..\..\..\..\..\..\addons\ofxAvCodec\libs\avcodec\include\libavutil\log.h">
			<Filter>addons\ofxAvCodec\libs\avcodec\include\libavutil</Filter>
		</ClInclude>
		<ClInclude Include="..\..\..\..\..\..\addons\ofxAvCodec\libs\avcodec\include\libavutil\lzo.h">
			<Filter>addons\ofxAvCodec\libs\avcodec\include\libavutil</Filter>
		</ClInclude>
		<ClInclude Include="..\..\..\..\..\..\addons\ofxAvCodec\libs\avcodec\include\libavutil\macros.h">
			<Filter>addons\ofxAvCodec\libs\avcodec\include\libavutil</Filter>
		</ClInclude>
		<ClInclude Include="..\..\..\..\..\..\addons\ofxAvCodec\libs\avcodec\include\libavutil\mastering_display_metadata.h">
			<Filter>addons\ofxAvCodec\libs\avcodec\include\libavutil</Filter>
		</ClInclude>
		<ClInclude Include="..\..\..\..\..\..\addons\ofxAvCodec\libs\avcodec\include\libavutil\mathematics.h">
			<Filter>addons\ofxAvCodec\libs\avcodec\include\libavutil</Filter>
		</ClInclude>
		<ClInclude Include="..\..\..\..\..\..\addons\ofxAvCodec\libs\avcodec\include\libavutil\md5.h">
			<Filter>addons\ofxAvCodec\libs\avcodec\include\libavutil</Filter>
		</ClInclude>
		<ClInclude Include="..\..\..\..\..\..\addons\ofxAvCodec\libs\avcodec\include\libavutil\mem.h">
			<Filter>addons\ofxAvCodec\libs\avcodec\include\libavutil</Filter>
		</ClInclude>
		<ClInclude Include="..\..\..\..\..\..\addons\ofxAvCodec\libs\avcodec\include\libavutil\motion_vector.h">
			<Filter>addons\ofxAvCodec\libs\avcodec\include\libavutil</Filter>
		</ClInclude>
		<ClInclude Include="..\..\..\..\..\..\addons\ofxAvCodec\libs\avcodec\include\libavutil\murmur3.h">
			<Filter>addons\ofxAvCodec\libs\avcodec\include\libavutil</Filter>
		</ClInclude>
		<ClInclude Include="..\..\..\..\..\..\addons\ofxAvCodec\libs\avcodec\include\libavutil\opt.h">
			<Filter>addons\ofxAvCodec\libs\avcodec\include\libavutil</Filter>
		</ClInclude>
		<ClInclude Include="..\..\..\..\..\..\addons\ofxAvCodec\libs\avcodec\include\libavutil\parseutils.h">
			<Filter>addons\ofxAvCodec\libs\avcodec\include\libavutil</Filter>
		</ClInclude>
		<ClInclude Include="..\..\..\..\..\..\addons\ofxAvCodec\libs\avcodec\include\libavutil\pixdesc.h">
			<Filter>addons\ofxAvCodec\libs\avcodec\include\libavutil</Filter>
		</ClInclude>
		<ClInclude Include="..\..\..\..\..\..\addons\ofxAvCodec\libs\avcodec\include\libavutil\pixelutils.h">
			<Filter>addons\ofxAvCodec\libs\avcodec\include\libavutil</Filter>
		</ClInclude>
		<ClInclude Include="..\..\..\..\..\..\addons\ofxAvCodec\libs\avcodec\include\libavutil\pixfmt.h">
			<Filter>addons\ofxAvCodec\libs\avcodec\include\libavutil</Filter>
		</ClInclude>
		<ClInclude Include="..\..\..\..\..\..\addons\ofxAvCodec\libs\avcodec\include\libavutil\random_seed.h">
			<Filter>addons\ofxAvCodec\libs\avcodec\include\libavutil</Filter>
		</ClInclude>
		<ClInclude Include="..\..\..\..\..\..\addons\ofxAvCodec\libs\avcodec\include\libavutil\rational.h">
			<Filter>addons\ofxAvCodec\libs\avcodec\include\libavutil</Filter>
		</ClInclude>
		<ClInclude Include="..\..\..\..\..\..\addons\ofxAvCodec\libs\avcodec\include\libavutil\rc4.h">
			<Filter>addons\ofxAvCodec\libs\avcodec\include\libavutil</Filter>
		</ClInclude>
		<ClInclude Include="..\..\..\..\..\..\addons\ofxAvCodec\libs\avcodec\include\libavutil\replaygain.h">
			<Filter>addons\ofxAvCodec\libs\avcodec\include\libavutil</Filter>
		</ClInclude>
		<ClInclude Include="..\..\..\..\..\..\addons\ofxAvCodec\libs\avcodec\include\libavutil\ripemd.h">
			<Filter>addons\ofxAvCodec\libs\avcodec\include\libavutil</Filter>
		</ClInclude>
		<ClInclude Include="..\..\..\..\..\..\addons\ofxAvCodec\libs\avcodec\include\libavutil\samplefmt.h">
			<Filter>addons\ofxAvCodec\libs\avcodec\include\libavutil</Filter>
		</ClInclude>
		<ClInclude Include="..\..\..\..\..\..\addons\ofxAvCodec\libs\avcodec\include\libavutil\sha.h">
			<Filter>addons\ofxAvCodec\libs\avcodec\include\libavutil</Filter>
		</ClInclude>
		<ClInclude Include="..\..\..\..\..\..\addons\ofxAvCodec\libs\avcodec\include\libavutil\sha512.h">
			<Filter>addons\ofxAvCodec\libs\avcodec\include\libavutil</Filter>
		</ClInclude>
		<ClInclude Include="..\..\..\..\..\..\addons\ofxAvCodec\libs\avcodec\include\libavutil\spherical.h">
			<Filter>addons\ofxAvCodec\libs\avcodec\include\libavutil</Filter>
		</ClInclude>
		<ClInclude Include="..\..\..\..\..\..\addons\ofxAvCodec\libs\avcodec\include\libavutil\stereo3d.h">
			<Filter>addons\ofxAvCodec\libs\avcodec\include\libavutil</Filter>
		</ClInclude>
		<ClInclude Include="..\..\..\..\..\..\addons\ofxAvCodec\libs\avcodec\include\libavutil\tea.h">
			<Filter>addons\ofxAvCodec\libs\avcodec\include\libavutil</Filter>
		</ClInclude>
		<ClInclude Include="..\..\..\..\..\..\addons\ofxAvCodec\libs\avcodec\include\libavutil\threadmessage.h">
			<Filter>addons\ofxAvCodec\libs\avcodec\include\libavutil</Filter>
		</ClInclude>
		<ClInclude Include="..\..\..\..\..\..\addons\ofxAvCodec\libs\avcodec\include\libavutil\time.h">
			<Filter>addons\ofxAvCodec\libs\avcodec\include\libavutil</Filter>
		</ClInclude>
		<ClInclude Include="..\..\..\..\..\..\addons\ofxAvCodec\libs\avcodec\include\libavutil\timecode.h">
			<Filter>addons\ofxAvCodec\libs\avcodec\include\libavutil</Filter>
		</ClInclude>
		<ClInclude Include="..\..\..\..\..\..\addons\ofxAvCodec\libs\avcodec\include\libavutil\timestamp.h">
			<Filter>addons\ofxAvCodec\libs\avcodec\include\libavutil</Filter>
		</ClInclude>
		<ClInclude Include="..\..\..\..\..\..\addons\ofxAvCodec\libs\avcodec\include\libavutil\tree.h">
			<Filter>addons\ofxAvCodec\libs\avcodec\include\libavutil</Filter>
		</ClInclude>
		<ClInclude Include="..\..\..\..\..\..\addons\ofxAvCodec\libs\avcodec\include\libavutil\twofish.h">
			<Filter>addons\ofxAvCodec\libs\avcodec\include\libavutil</Filter>
		</ClInclude>
		<ClInclude Include="..\..\..\..\..\..\addons\ofxAvCodec\libs\avcodec\include\libavutil\tx.h">
			<Filter>addons\ofxAvCodec\libs\avcodec\include\libavutil</Filter>
		</ClInclude>
		<ClInclude Include="..\..\..\..\..\..\addons\ofxAvCodec\libs\avcodec\include\libavutil\version.h">
			<Filter>addons\ofxAvCodec\libs\avcodec\include\libavutil</Filter>
		</ClInclude>
		<ClInclude Include="..\..\..\..\..\..\addons\ofxAvCodec\libs\avcodec\include\libavutil\xtea.h">
			<Filter>addons\ofxAvCodec\libs\avcodec\include\libavutil</Filter>
		</ClInclude>
		<ClInclude Include="..\..\..\..\..\..\addons\ofxAvCodec\libs\avcodec\include\libpostproc\postprocess.h">
			<Filter>addons\ofxAvCodec\libs\avcodec\include\libpostproc</Filter>
		</ClInclude>
		<ClInclude Include="..\..\..\..\..\..\addons\ofxAvCodec\libs\avcodec\include\libpostproc\version.h">
			<Filter>addons\ofxAvCodec\libs\avcodec\include\libpostproc</Filter>
		</ClInclude>
		<ClInclude Include="..\..\..\..\..\..\addons\ofxAvCodec\libs\avcodec\include\libswresample\swresample.h">
			<Filter>addons\ofxAvCodec\libs\avcodec\include\libswresample</Filter>
		</ClInclude>
		<ClInclude Include="..\..\..\..\..\..\addons\ofxAvCodec\libs\avcodec\include\libswresample\version.h">
			<Filter>addons\ofxAvCodec\libs\avcodec\include\libswresample</Filter>
		</ClInclude>
		<ClInclude Include="..\..\..\..\..\..\addons\ofxAvCodec\libs\avcodec\include\libswscale\swscale.h">
			<Filter>addons\ofxAvCodec\libs\avcodec\include\libswscale</Filter>
		</ClInclude>
		<ClInclude Include="..\..\..\..\..\..\addons\ofxAvCodec\libs\avcodec\include\libswscale\version.h">
			<Filter>addons\ofxAvCodec\libs\avcodec\include\libswscale</Filter>
		</ClInclude>
		<ClInclude Include="..\..\..\..\..\..\addons\ofxAvCodec\libs\avcodec\include-vs\inttypes.h">
			<Filter>addons\ofxAvCodec\libs\avcodec\include-vs</Filter>
		</ClInclude>
		<ClInclude Include="..\..\..\..\..\..\addons\ofxEasing\src\ofxEasing.h">
			<Filter>addons\ofxEasing\src</Filter>
		</ClInclude>
		<ClInclude Include="..\..\..\..\..\..\addons\ofxNetwork\src\ofxNetwork.h">
			<Filter>addons\ofxNetwork\src</Filter>
		</ClInclude>
		<ClInclude Include="..\..\..\..\..\..\addons\ofxNetwork\src\ofxNetworkUtils.h">
			<Filter>addons\ofxNetwork\src</Filter>
		</ClInclude>
		<ClInclude Include="..\..\..\..\..\..\addons\ofxNetwork\src\ofxTCPClient.h">
			<Filter>addons\ofxNetwork\src</Filter>
		</ClInclude>
		<ClInclude Include="..\..\..\..\..\..\addons\ofxNetwork\src\ofxTCPManager.h">
			<Filter>addons\ofxNetwork\src</Filter>
		</ClInclude>
		<ClInclude Include="..\..\..\..\..\..\addons\ofxNetwork\src\ofxTCPServer.h">
			<Filter>addons\ofxNetwork\src</Filter>
		</ClInclude>
		<ClInclude Include="..\..\..\..\..\..\addons\ofxNetwork\src\ofxTCPSettings.h">
			<Filter>addons\ofxNetwork\src</Filter>
		</ClInclude>
		<ClInclude Include="..\..\..\..\..\..\addons\ofxNetwork\src\ofxUDPManager.h">
			<Filter>addons\ofxNetwork\src</Filter>
		</ClInclude>
		<ClInclude Include="..\..\..\..\..\..\addons\ofxNetwork\src\ofxUDPSettings.h">
			<Filter>addons\ofxNetwork\src</Filter>
		</ClInclude>
		<ClInclude Include="..\..\..\..\..\..\addons\ofxOsc\src\ofxOsc.h">
			<Filter>addons\ofxOsc\src</Filter>
		</ClInclude>
		<ClInclude Include="..\..\..\..\..\..\addons\ofxOsc\src\ofxOscArg.h">
			<Filter>addons\ofxOsc\src</Filter>
		</ClInclude>
		<ClInclude Include="..\..\..\..\..\..\addons\ofxOsc\src\ofxOscBundle.h">
			<Filter>addons\ofxOsc\src</Filter>
		</ClInclude>
		<ClInclude Include="..\..\..\..\..\..\addons\ofxOsc\src\ofxOscMessage.h">
			<Filter>addons\ofxOsc\src</Filter>
		</ClInclude>
		<ClInclude Include="..\..\..\..\..\..\addons\ofxOsc\src\ofxOscParameterSync.h">
			<Filter>addons\ofxOsc\src</Filter>
		</ClInclude>
		<ClInclude Include="..\..\..\..\..\..\addons\ofxOsc\src\ofxOscReceiver.h">
			<Filter>addons\ofxOsc\src</Filter>
		</ClInclude>
		<ClInclude Include="..\..\..\..\..\..\addons\ofxOsc\src\ofxOscSender.h">
			<Filter>addons\ofxOsc\src</Filter>
		</ClInclude>
		<ClInclude Include="..\..\..\..\..\..\addons\ofxOsc\libs\oscpack\src\ip\IpEndpointName.h">
			<Filter>addons\ofxOsc\libs\oscpack\src\ip</Filter>
		</ClInclude>
		<ClInclude Include="..\..\..\..\..\..\addons\ofxOsc\libs\oscpack\src\ip\NetworkingUtils.h">
			<Filter>addons\ofxOsc\libs\oscpack\src\ip</Filter>
		</ClInclude>
		<ClInclude Include="..\..\..\..\..\..\addons\ofxOsc\libs\oscpack\src\ip\PacketListener.h">
			<Filter>addons\ofxOsc\libs\oscpack\src\ip</Filter>
		</ClInclude>
		<ClInclude Include="..\..\..\..\..\..\addons\ofxOsc\libs\oscpack\src\ip\TimerListener.h">
			<Filter>addons\ofxOsc\libs\oscpack\src\ip</Filter>
		</ClInclude>
		<ClInclude Include="..\..\..\..\..\..\addons\ofxOsc\libs\oscpack\src\ip\UdpSocket.h">
			<Filter>addons\ofxOsc\libs\oscpack\src\ip</Filter>
		</ClInclude>
		<ClInclude Include="..\..\..\..\..\..\addons\ofxOsc\libs\oscpack\src\osc\MessageMappingOscPacketListener.h">
			<Filter>addons\ofxOsc\libs\oscpack\src\osc</Filter>
		</ClInclude>
		<ClInclude Include="..\..\..\..\..\..\addons\ofxOsc\libs\oscpack\src\osc\OscException.h">
			<Filter>addons\ofxOsc\libs\oscpack\src\osc</Filter>
		</ClInclude>
		<ClInclude Include="..\..\..\..\..\..\addons\ofxOsc\libs\oscpack\src\osc\OscHostEndianness.h">
			<Filter>addons\ofxOsc\libs\oscpack\src\osc</Filter>
		</ClInclude>
		<ClInclude Include="..\..\..\..\..\..\addons\ofxOsc\libs\oscpack\src\osc\OscOutboundPacketStream.h">
			<Filter>addons\ofxOsc\libs\oscpack\src\osc</Filter>
		</ClInclude>
		<ClInclude Include="..\..\..\..\..\..\addons\ofxOsc\libs\oscpack\src\osc\OscPacketListener.h">
			<Filter>addons\ofxOsc\libs\oscpack\src\osc</Filter>
		</ClInclude>
		<ClInclude Include="..\..\..\..\..\..\addons\ofxOsc\libs\oscpack\src\osc\OscPrintReceivedElements.h">
			<Filter>addons\ofxOsc\libs\oscpack\src\osc</Filter>
		</ClInclude>
		<ClInclude Include="..\..\..\..\..\..\addons\ofxOsc\libs\oscpack\src\osc\OscReceivedElements.h">
			<Filter>addons\ofxOsc\libs\oscpack\src\osc</Filter>
		</ClInclude>
		<ClInclude Include="..\..\..\..\..\..\addons\ofxOsc\libs\oscpack\src\osc\OscTypes.h">
			<Filter>addons\ofxOsc\libs\oscpack\src\osc</Filter>
		</ClInclude>
		<ClInclude Include="..\..\..\..\..\..\addons\ofxPoco\src\ofxXmlPoco.h">
			<Filter>addons\ofxPoco\src</Filter>
		</ClInclude>
		<ClInclude Include="..\..\..\..\..\..\addons\ofxTuioWrapper\src\ofxTuioClient.h">
			<Filter>addons\ofxTuioWrapper\src</Filter>
		</ClInclude>
		<ClInclude Include="..\..\..\..\..\..\addons\ofxTuioWrapper\src\ofxTuioServer.h">
			<Filter>addons\ofxTuioWrapper\src</Filter>
		</ClInclude>
		<ClInclude Include="..\..\..\..\..\..\addons\ofxTuioWrapper\src\TUIO\TuioClient.h">
			<Filter>addons\ofxTuioWrapper\src\TUIO</Filter>
		</ClInclude>
		<ClInclude Include="..\..\..\..\..\..\addons\ofxTuioWrapper\src\TUIO\TuioContainer.h">
			<Filter>addons\ofxTuioWrapper\src\TUIO</Filter>
		</ClInclude>
		<ClInclude Include="..\..\..\..\..\..\addons\ofxTuioWrapper\src\TUIO\TuioCursor.h">
			<Filter>addons\ofxTuioWrapper\src\TUIO</Filter>
		</ClInclude>
		<ClInclude Include="..\..\..\..\..\..\addons\ofxTuioWrapper\src\TUIO\TuioListener.h">
			<Filter>addons\ofxTuioWrapper\src\TUIO</Filter>
		</ClInclude>
		<ClInclude Include="..\..\..\..\..\..\addons\ofxTuioWrapper\src\TUIO\TuioObject.h">
			<Filter>addons\ofxTuioWrapper\src\TUIO</Filter>
		</ClInclude>
		<ClInclude Include="..\..\..\..\..\..\addons\ofxTuioWrapper\src\TUIO\TuioPoint.h">
			<Filter>addons\ofxTuioWrapper\src\TUIO</Filter>
		</ClInclude>
		<ClInclude Include="..\..\..\..\..\..\addons\ofxTuioWrapper\src\TUIO\TuioServer.h">
			<Filter>addons\ofxTuioWrapper\src\TUIO</Filter>
		</ClInclude>
		<ClInclude Include="..\..\..\..\..\..\addons\ofxTuioWrapper\src\TUIO\TuioTime.h">
			<Filter>addons\ofxTuioWrapper\src\TUIO</Filter>
		</ClInclude>
		<ClInclude Include="..\..\..\..\..\..\addons\ofxTweenzor\src\ofxTweenzor.h">
			<Filter>addons\ofxTweenzor\src</Filter>
		</ClInclude>
		<ClInclude Include="..\..\..\..\..\..\addons\ofxTweenzor\src\Tween.h">
			<Filter>addons\ofxTweenzor\src</Filter>
		</ClInclude>
		<ClInclude Include="..\..\..\..\..\..\addons\ofxTweenzor\src\TweenEvent.h">
			<Filter>addons\ofxTweenzor\src</Filter>
		</ClInclude>
		<ClInclude Include="..\..\..\..\..\..\addons\ofxTweenzor\src\TweenFunctions.h">
			<Filter>addons\ofxTweenzor\src</Filter>
		</ClInclude>
		<ClInclude Include="..\..\..\..\..\..\addons\ofxTweenzor\src\TweenSelector.h">
			<Filter>addons\ofxTweenzor\src</Filter>
		</ClInclude>
		<ClInclude Include="..\..\..\..\..\..\addons\ofxTweenzor\src\Tweenzor.h">
			<Filter>addons\ofxTweenzor\src</Filter>
		</ClInclude>
		<ClInclude Include="..\..\..\..\..\..\addons\ofxXmlSettings\src\ofxXmlSettings.h">
			<Filter>addons\ofxXmlSettings\src</Filter>
		</ClInclude>
		<ClInclude Include="..\..\..\..\..\..\addons\ofxXmlSettings\libs\tinyxml.h">
			<Filter>addons\ofxXmlSettings\libs</Filter>
		</ClInclude>
	</ItemGroup>
	<ItemGroup>
		<ResourceCompile Include="icon.rc" />
	</ItemGroup>
</Project>
